
Microsoft Visual Studio Solution File, Format Version 12.00
# Visual Studio 2013
VisualStudioVersion = 12.0.30501.0
MinimumVisualStudioVersion = 10.0.40219.1
Project("{888888A0-9F3D-457C-B088-3A5042F75D52}") = "Que", "Que\Que.pyproj", "{B355F285-1CDA-4139-9F7A-59C115D5DD38}"
EndProject
Project("{888888A0-9F3D-457C-B088-3A5042F75D52}") = "Que.Common", "Que.Common\Que.Common.pyproj", "{74911D3B-CC03-4E9B-B7A4-A943EB2C2252}"
EndProject
Project("{888888A0-9F3D-457C-B088-3A5042F75D52}") = "Que.Common.Test", "Que.Common.Test\Que.Common.Test.pyproj", "{79345F32-810D-4717-84EF-EE6E7F441602}"
EndProject
Global
	GlobalSection(SolutionConfigurationPlatforms) = preSolution
		Debug|Any CPU = Debug|Any CPU
		Release|Any CPU = Release|Any CPU
	EndGlobalSection
	GlobalSection(ProjectConfigurationPlatforms) = postSolution
		{B355F285-1CDA-4139-9F7A-59C115D5DD38}.Debug|Any CPU.ActiveCfg = Debug|Any CPU
		{B355F285-1CDA-4139-9F7A-59C115D5DD38}.Release|Any CPU.ActiveCfg = Release|Any CPU
		{74911D3B-CC03-4E9B-B7A4-A943EB2C2252}.Debug|Any CPU.ActiveCfg = Debug|Any CPU
		{74911D3B-CC03-4E9B-B7A4-A943EB2C2252}.Release|Any CPU.ActiveCfg = Release|Any CPU
		{79345F32-810D-4717-84EF-EE6E7F441602}.Debug|Any CPU.ActiveCfg = Debug|Any CPU
		{79345F32-810D-4717-84EF-EE6E7F441602}.Release|Any CPU.ActiveCfg = Release|Any CPU
	EndGlobalSection
	GlobalSection(SolutionProperties) = preSolution
		HideSolutionNode = FALSE
	EndGlobalSection
EndGlobal
